
Microsoft Visual Studio Solution File, Format Version 12.00
# Visual Studio 15
Project("{2150E333-8FDC-42A3-9474-1A3956D46DE8}") = "Src", "Src", "{01EF1D8D-ACFE-498D-877F-9F1A2F6BAB76}"
EndProject
Project("{2150E333-8FDC-42A3-9474-1A3956D46DE8}") = "Test", "Test", "{163E74F3-5276-4B3F-A072-03E060E29EBB}"
EndProject
Project("{2150E333-8FDC-42A3-9474-1A3956D46DE8}") = "Example", "Example", "{65023422-1EC1-4E02-A388-0312A175DB12}"
EndProject
Project("{FAE04EC0-301F-11D3-BF4B-00C04F79EFBC}") = "FakeApi", "FakeApi\FakeApi.csproj", "{DA703BF8-247F-48A0-8F88-2EFF4489A55E}"
EndProject
Project("{FAE04EC0-301F-11D3-BF4B-00C04F79EFBC}") = "FakeApiTest", "FakeApiTest\FakeApiTest.csproj", "{A548CDC2-CF1E-41E4-A1AA-D8C67A43FAF1}"
EndProject
Project("{FAE04EC0-301F-11D3-BF4B-00C04F79EFBC}") = "App", "App\App.csproj", "{94F9AD86-B9B4-481D-9834-2D8F4D659625}"
EndProject
Global
	GlobalSection(SolutionConfigurationPlatforms) = preSolution
		Debug|Any CPU = Debug|Any CPU
		Release|Any CPU = Release|Any CPU
	EndGlobalSection
	GlobalSection(ProjectConfigurationPlatforms) = postSolution
		{DA703BF8-247F-48A0-8F88-2EFF4489A55E}.Debug|Any CPU.ActiveCfg = Debug|Any CPU
		{DA703BF8-247F-48A0-8F88-2EFF4489A55E}.Debug|Any CPU.Build.0 = Debug|Any CPU
		{DA703BF8-247F-48A0-8F88-2EFF4489A55E}.Release|Any CPU.ActiveCfg = Release|Any CPU
		{DA703BF8-247F-48A0-8F88-2EFF4489A55E}.Release|Any CPU.Build.0 = Release|Any CPU
		{A548CDC2-CF1E-41E4-A1AA-D8C67A43FAF1}.Debug|Any CPU.ActiveCfg = Debug|Any CPU
		{A548CDC2-CF1E-41E4-A1AA-D8C67A43FAF1}.Debug|Any CPU.Build.0 = Debug|Any CPU
		{A548CDC2-CF1E-41E4-A1AA-D8C67A43FAF1}.Release|Any CPU.ActiveCfg = Release|Any CPU
		{A548CDC2-CF1E-41E4-A1AA-D8C67A43FAF1}.Release|Any CPU.Build.0 = Release|Any CPU
		{94F9AD86-B9B4-481D-9834-2D8F4D659625}.Debug|Any CPU.ActiveCfg = Debug|Any CPU
		{94F9AD86-B9B4-481D-9834-2D8F4D659625}.Debug|Any CPU.Build.0 = Debug|Any CPU
		{94F9AD86-B9B4-481D-9834-2D8F4D659625}.Release|Any CPU.ActiveCfg = Release|Any CPU
		{94F9AD86-B9B4-481D-9834-2D8F4D659625}.Release|Any CPU.Build.0 = Release|Any CPU
	EndGlobalSection
	GlobalSection(NestedProjects) = preSolution
		{DA703BF8-247F-48A0-8F88-2EFF4489A55E} = {01EF1D8D-ACFE-498D-877F-9F1A2F6BAB76}
		{A548CDC2-CF1E-41E4-A1AA-D8C67A43FAF1} = {163E74F3-5276-4B3F-A072-03E060E29EBB}
		{94F9AD86-B9B4-481D-9834-2D8F4D659625} = {65023422-1EC1-4E02-A388-0312A175DB12}
	EndGlobalSection
EndGlobal
